{
  "name": "@nuka9510/el-util",
  "version": "1.0.1",
  "lockfileVersion": 3,
  "requires": true,
  "packages": {
    "": {
      "name": "@nuka9510/el-util",
      "version": "1.0.1",
      "license": "MIT",
      "dependencies": {
        "@nuka9510/js-util": "^1.0.23",
        "@nuka9510/simple-validation": "^1.0.6"
      }
    },
    "node_modules/@nuka9510/js-util": {
      "version": "1.0.23",
      "resolved": "https://registry.npmjs.org/@nuka9510/js-util/-/js-util-1.0.23.tgz",
      "integrity": "sha512-9LmaOBJzw2j8mnQk7H5j5S+5yFjipRu+u5cYaO4bOvk+WClmAGEr7/JHgNGMqvYL+g4ksySS+wqlxMgkhmfAJQ=="
    },
    "node_modules/@nuka9510/simple-validation": {
      "version": "1.0.6",
      "resolved": "https://registry.npmjs.org/@nuka9510/simple-validation/-/simple-validation-1.0.6.tgz",
      "integrity": "sha512-1LdGYhSOrrz2jf4xCfVAZ7jJrf85osa/jLnps/6Tu+C2AXQXLKDY0eUlCei/gemurZB9zjq/B6+c+Ng4iv5IWw==",
      "dependencies": {
        "@nuka9510/js-util": "^1.0.23"
      }
    }
  }
}
