{
  "name": "@nuka9510/el-util",
  "version": "1.0.5",
  "lockfileVersion": 3,
  "requires": true,
  "packages": {
    "": {
      "name": "@nuka9510/el-util",
      "version": "1.0.5",
      "license": "MIT",
      "dependencies": {
        "@nuka9510/js-util": "^1.0.26",
        "@nuka9510/simple-validation": "^1.0.10"
      }
    },
    "node_modules/@nuka9510/js-util": {
      "version": "1.0.26",
      "resolved": "https://registry.npmjs.org/@nuka9510/js-util/-/js-util-1.0.26.tgz",
      "integrity": "sha512-4bSrlrp1pER65paFePm+cbSlRPgKXHTmWqP10PEP2F90Vw6CbHyZVqPqOTByTNX97j67HAP5pvs/cL5E6nR1Aw=="
    },
    "node_modules/@nuka9510/simple-validation": {
      "version": "1.0.10",
      "resolved": "https://registry.npmjs.org/@nuka9510/simple-validation/-/simple-validation-1.0.10.tgz",
      "integrity": "sha512-3Vd1MT04n59NyIdDI0Jac1V3WrVyPrIJ3F5NWFX52i/ljK5mgj8HpS3AF36Ng2qAdhdc25wnaw7Kq4jGhjhn/Q==",
      "dependencies": {
        "@nuka9510/js-util": "^1.0.26"
      }
    }
  }
}
