{
  "name": "@nuka9510/el-util",
  "version": "1.0.3",
  "lockfileVersion": 3,
  "requires": true,
  "packages": {
    "": {
      "name": "@nuka9510/el-util",
      "version": "1.0.3",
      "license": "MIT",
      "dependencies": {
        "@nuka9510/js-util": "^1.0.25",
        "@nuka9510/simple-validation": "^1.0.9"
      }
    },
    "node_modules/@nuka9510/js-util": {
      "version": "1.0.25",
      "resolved": "https://registry.npmjs.org/@nuka9510/js-util/-/js-util-1.0.25.tgz",
      "integrity": "sha512-hV76ztV0xHnBZMD4xcYkz3pMoZqZvjBVTpPY/Wvi/xrXZ7lo5w6vjTbdSQ19hHXe+leA31OL3trgnECsrDGxMQ=="
    },
    "node_modules/@nuka9510/simple-validation": {
      "version": "1.0.9",
      "resolved": "https://registry.npmjs.org/@nuka9510/simple-validation/-/simple-validation-1.0.9.tgz",
      "integrity": "sha512-kOSPv5L6eazRu3AO65JLeD21TS9du0vGf27LqFOHPhGmroROsIjfwlXIKFlo1qk32mXQaUGUkHeY5v9o6OKw+Q==",
      "dependencies": {
        "@nuka9510/js-util": "^1.0.25"
      }
    }
  }
}
